<?xml version="1.0" encoding="utf-8"?>
<Project ToolsVersion="4.0" xmlns="http://schemas.microsoft.com/developer/msbuild/2003">
  <ItemGroup>
    <Filter Include="Исходные файлы">
      <UniqueIdentifier>{4FC737F1-C7A5-4376-A066-2A32D752A2FF}</UniqueIdentifier>
      <Extensions>cpp;c;cc;cxx;c++;cppm;ixx;def;odl;idl;hpj;bat;asm;asmx</Extensions>
    </Filter>
    <Filter Include="Файлы заголовков">
      <UniqueIdentifier>{93995380-89BD-4b04-88EB-625FBE52EBFB}</UniqueIdentifier>
      <Extensions>h;hh;hpp;hxx;h++;hm;inl;inc;ipp;xsd</Extensions>
    </Filter>
    <Filter Include="Файлы ресурсов">
      <UniqueIdentifier>{67DA6AB6-F800-4c08-8B7A-83BB121AAD01}</UniqueIdentifier>
      <Extensions>rc;ico;cur;bmp;dlg;rc2;rct;bin;rgs;gif;jpg;jpeg;jpe;resx;tiff;tif;png;wav;mfcribbon-ms</Extensions>
    </Filter>
    <Filter Include="Исходные файлы\Extensions">
      <UniqueIdentifier>{36a7227d-8a8c-47c4-a25c-72d7f8708d83}</UniqueIdentifier>
    </Filter>
    <Filter Include="Исходные файлы\Dedicated">
      <UniqueIdentifier>{889d48d1-51b2-452f-a0bc-cbe1221a5df6}</UniqueIdentifier>
    </Filter>
    <Filter Include="Исходные файлы\MH">
      <UniqueIdentifier>{fc669f03-8810-4c0c-89b6-6379964d9180}</UniqueIdentifier>
    </Filter>
    <Filter Include="Исходные файлы\Dedicated\AntiCheat">
      <UniqueIdentifier>{8af385c5-fee1-48cd-bec7-bb447bb6925b}</UniqueIdentifier>
    </Filter>
  </ItemGroup>
  <ItemGroup>
    <ClCompile Include="DllMain.cpp">
      <Filter>Исходные файлы</Filter>
    </ClCompile>
    <ClCompile Include="MH\hde64.cpp">
      <Filter>Исходные файлы\MH</Filter>
    </ClCompile>
    <ClCompile Include="MH\hook.cpp">
      <Filter>Исходные файлы\MH</Filter>
    </ClCompile>
    <ClCompile Include="MH\trampoline.cpp">
      <Filter>Исходные файлы\MH</Filter>
    </ClCompile>
    <ClCompile Include="MH\buffer.cpp">
      <Filter>Исходные файлы\MH</Filter>
    </ClCompile>
    <ClCompile Include="MH\hde32.cpp">
      <Filter>Исходные файлы\MH</Filter>
    </ClCompile>
  </ItemGroup>
  <ItemGroup>
    <ClInclude Include="Enumerations.hpp">
      <Filter>Исходные файлы\Extensions</Filter>
    </ClInclude>
    <ClInclude Include="stdafx.hpp">
      <Filter>Исходные файлы\Extensions</Filter>
    </ClInclude>
    <ClInclude Include="Startup.hpp">
      <Filter>Исходные файлы\Dedicated</Filter>
    </ClInclude>
    <ClInclude Include="MH\hde64.h">
      <Filter>Исходные файлы\MH</Filter>
    </ClInclude>
    <ClInclude Include="MH\MinHook.h">
      <Filter>Исходные файлы\MH</Filter>
    </ClInclude>
    <ClInclude Include="MH\pstdint.h">
      <Filter>Исходные файлы\MH</Filter>
    </ClInclude>
    <ClInclude Include="MH\table32.h">
      <Filter>Исходные файлы\MH</Filter>
    </ClInclude>
    <ClInclude Include="MH\table64.h">
      <Filter>Исходные файлы\MH</Filter>
    </ClInclude>
    <ClInclude Include="MH\trampoline.h">
      <Filter>Исходные файлы\MH</Filter>
    </ClInclude>
    <ClInclude Include="MH\buffer.h">
      <Filter>Исходные файлы\MH</Filter>
    </ClInclude>
    <ClInclude Include="MH\hde32.h">
      <Filter>Исходные файлы\MH</Filter>
    </ClInclude>
    <ClInclude Include="Classess.hpp">
      <Filter>Исходные файлы\Extensions</Filter>
    </ClInclude>
    <ClInclude Include="SDK.hpp">
      <Filter>Исходные файлы\Dedicated</Filter>
    </ClInclude>
    <ClInclude Include="ForClimb.hpp">
      <Filter>Исходные файлы\Dedicated\AntiCheat</Filter>
    </ClInclude>
  </ItemGroup>
</Project>